// !$*UTF8*$!
{
	archiveVersion = 1;
	classes = {
	};
	objectVersion = 55;
	objects = {

/* Begin PBXBuildFile section */
		0E68642217A533F92BDF88D6 /* Pods_bank_transaction.framework in Frameworks */ = {isa = PBXBuildFile; fileRef = 06C40A993CAD9C91FD901D39 /* Pods_bank_transaction.framework */; };
		BD58D50427DD03C6007A547C /* Router.swift in Sources */ = {isa = PBXBuildFile; fileRef = BD58D50327DD03C6007A547C /* Router.swift */; };
		BD58D50627DD0420007A547C /* Service.swift in Sources */ = {isa = PBXBuildFile; fileRef = BD58D50527DD0420007A547C /* Service.swift */; };
		BD58D50827DD0574007A547C /* Reachability.swift in Sources */ = {isa = PBXBuildFile; fileRef = BD58D50727DD0574007A547C /* Reachability.swift */; };
		BD58D50A27DD058A007A547C /* Alertable.swift in Sources */ = {isa = PBXBuildFile; fileRef = BD58D50927DD058A007A547C /* Alertable.swift */; };
		BD58D50C27DD06C0007A547C /* Keychain.swift in Sources */ = {isa = PBXBuildFile; fileRef = BD58D50B27DD06C0007A547C /* Keychain.swift */; };
		BD58D50E27DD0C36007A547C /* UserDefault.swift in Sources */ = {isa = PBXBuildFile; fileRef = BD58D50D27DD0C36007A547C /* UserDefault.swift */; };
		BD58D51027DD1056007A547C /* Balance.swift in Sources */ = {isa = PBXBuildFile; fileRef = BD58D50F27DD1056007A547C /* Balance.swift */; };
		BD58D51227DD2012007A547C /* Payees.swift in Sources */ = {isa = PBXBuildFile; fileRef = BD58D51127DD2011007A547C /* Payees.swift */; };
		BD58D51427DD2890007A547C /* Transfer.swift in Sources */ = {isa = PBXBuildFile; fileRef = BD58D51327DD2890007A547C /* Transfer.swift */; };
		BD58D51627DD414E007A547C /* Register.swift in Sources */ = {isa = PBXBuildFile; fileRef = BD58D51527DD414E007A547C /* Register.swift */; };
		BD58D51E27DD6FBF007A547C /* TransactionPresenter.swift in Sources */ = {isa = PBXBuildFile; fileRef = BD58D51827DD6FBF007A547C /* TransactionPresenter.swift */; };
		BD58D51F27DD6FBF007A547C /* TransactionRouter.swift in Sources */ = {isa = PBXBuildFile; fileRef = BD58D51927DD6FBF007A547C /* TransactionRouter.swift */; };
		BD58D52027DD6FBF007A547C /* TransactionModels.swift in Sources */ = {isa = PBXBuildFile; fileRef = BD58D51A27DD6FBF007A547C /* TransactionModels.swift */; };
		BD58D52127DD6FBF007A547C /* TransactionInteractor.swift in Sources */ = {isa = PBXBuildFile; fileRef = BD58D51B27DD6FBF007A547C /* TransactionInteractor.swift */; };
		BD58D52227DD6FBF007A547C /* TransactionProtocol.swift in Sources */ = {isa = PBXBuildFile; fileRef = BD58D51C27DD6FBF007A547C /* TransactionProtocol.swift */; };
		BD58D52327DD6FBF007A547C /* TransactionVC.swift in Sources */ = {isa = PBXBuildFile; fileRef = BD58D51D27DD6FBF007A547C /* TransactionVC.swift */; };
		BD5C0A5327DA3B61004400E2 /* AppDelegate.swift in Sources */ = {isa = PBXBuildFile; fileRef = BD5C0A5227DA3B61004400E2 /* AppDelegate.swift */; };
		BD5C0A5527DA3B61004400E2 /* SceneDelegate.swift in Sources */ = {isa = PBXBuildFile; fileRef = BD5C0A5427DA3B61004400E2 /* SceneDelegate.swift */; };
		BD5C0A5C27DA3B62004400E2 /* Assets.xcassets in Resources */ = {isa = PBXBuildFile; fileRef = BD5C0A5B27DA3B62004400E2 /* Assets.xcassets */; };
		BD5C0A5F27DA3B63004400E2 /* LaunchScreen.storyboard in Resources */ = {isa = PBXBuildFile; fileRef = BD5C0A5D27DA3B63004400E2 /* LaunchScreen.storyboard */; };
		BD5C0A7F27DA42F3004400E2 /* TabBarPresenter.swift in Sources */ = {isa = PBXBuildFile; fileRef = BD5C0A7927DA42F3004400E2 /* TabBarPresenter.swift */; };
		BD5C0A8027DA42F3004400E2 /* TabBarRouter.swift in Sources */ = {isa = PBXBuildFile; fileRef = BD5C0A7A27DA42F3004400E2 /* TabBarRouter.swift */; };
		BD5C0A8127DA42F3004400E2 /* TabBarModels.swift in Sources */ = {isa = PBXBuildFile; fileRef = BD5C0A7B27DA42F3004400E2 /* TabBarModels.swift */; };
		BD5C0A8227DA42F3004400E2 /* TabBarInteractor.swift in Sources */ = {isa = PBXBuildFile; fileRef = BD5C0A7C27DA42F3004400E2 /* TabBarInteractor.swift */; };
		BD5C0A8327DA42F3004400E2 /* TabBarProtocol.swift in Sources */ = {isa = PBXBuildFile; fileRef = BD5C0A7D27DA42F3004400E2 /* TabBarProtocol.swift */; };
		BD5C0A8427DA42F3004400E2 /* TabBarVC.swift in Sources */ = {isa = PBXBuildFile; fileRef = BD5C0A7E27DA42F3004400E2 /* TabBarVC.swift */; };
		BD5C0A8827DA45BF004400E2 /* Configures.swift in Sources */ = {isa = PBXBuildFile; fileRef = BD5C0A8727DA45BF004400E2 /* Configures.swift */; };
		BD5C0A8A27DA4610004400E2 /* Extension + UIView.swift in Sources */ = {isa = PBXBuildFile; fileRef = BD5C0A8927DA4610004400E2 /* Extension + UIView.swift */; };
		BD5C0A8D27DA462F004400E2 /* GradientView.swift in Sources */ = {isa = PBXBuildFile; fileRef = BD5C0A8C27DA462F004400E2 /* GradientView.swift */; };
		BD5C0A8F27DA465E004400E2 /* Colors.swift in Sources */ = {isa = PBXBuildFile; fileRef = BD5C0A8E27DA465E004400E2 /* Colors.swift */; };
		BD5C0A9127DA466E004400E2 /* Extension + UIColor.swift in Sources */ = {isa = PBXBuildFile; fileRef = BD5C0A9027DA466E004400E2 /* Extension + UIColor.swift */; };
		BD5C0A9427DA4BD5004400E2 /* ChipsCell.swift in Sources */ = {isa = PBXBuildFile; fileRef = BD5C0A9327DA4BD5004400E2 /* ChipsCell.swift */; };
		BD5C0A9C27DA5078004400E2 /* DashboardPresenter.swift in Sources */ = {isa = PBXBuildFile; fileRef = BD5C0A9627DA5078004400E2 /* DashboardPresenter.swift */; };
		BD5C0A9D27DA5078004400E2 /* DashboardRouter.swift in Sources */ = {isa = PBXBuildFile; fileRef = BD5C0A9727DA5078004400E2 /* DashboardRouter.swift */; };
		BD5C0A9E27DA5078004400E2 /* DashboardModels.swift in Sources */ = {isa = PBXBuildFile; fileRef = BD5C0A9827DA5078004400E2 /* DashboardModels.swift */; };
		BD5C0A9F27DA5078004400E2 /* DashboardInteractor.swift in Sources */ = {isa = PBXBuildFile; fileRef = BD5C0A9927DA5078004400E2 /* DashboardInteractor.swift */; };
		BD5C0AA027DA5078004400E2 /* DashboardProtocol.swift in Sources */ = {isa = PBXBuildFile; fileRef = BD5C0A9A27DA5078004400E2 /* DashboardProtocol.swift */; };
		BD5C0AA127DA5078004400E2 /* DashboardVC.swift in Sources */ = {isa = PBXBuildFile; fileRef = BD5C0A9B27DA5078004400E2 /* DashboardVC.swift */; };
		BD5C0AA327DAF59F004400E2 /* Extension + UIViewController.swift in Sources */ = {isa = PBXBuildFile; fileRef = BD5C0AA227DAF59F004400E2 /* Extension + UIViewController.swift */; };
		BD5C0AA527DB37C8004400E2 /* Identifiers.swift in Sources */ = {isa = PBXBuildFile; fileRef = BD5C0AA427DB37C8004400E2 /* Identifiers.swift */; };
		BD5C0AA727DB3E49004400E2 /* SubtitleAndIconCell.swift in Sources */ = {isa = PBXBuildFile; fileRef = BD5C0AA627DB3E49004400E2 /* SubtitleAndIconCell.swift */; };
		BD5C0AAC27DB40F7004400E2 /* TransactionTableViewController.swift in Sources */ = {isa = PBXBuildFile; fileRef = BD5C0AAB27DB40F7004400E2 /* TransactionTableViewController.swift */; };
		BD5C0AB127DB42FD004400E2 /* Transaction.swift in Sources */ = {isa = PBXBuildFile; fileRef = BD5C0AB027DB42FD004400E2 /* Transaction.swift */; };
		BD5C0AB927DB4713004400E2 /* TransferPresenter.swift in Sources */ = {isa = PBXBuildFile; fileRef = BD5C0AB327DB4713004400E2 /* TransferPresenter.swift */; };
		BD5C0ABA27DB4713004400E2 /* TransferRouter.swift in Sources */ = {isa = PBXBuildFile; fileRef = BD5C0AB427DB4713004400E2 /* TransferRouter.swift */; };
		BD5C0ABB27DB4713004400E2 /* TransferModels.swift in Sources */ = {isa = PBXBuildFile; fileRef = BD5C0AB527DB4713004400E2 /* TransferModels.swift */; };
		BD5C0ABC27DB4713004400E2 /* TransferInteractor.swift in Sources */ = {isa = PBXBuildFile; fileRef = BD5C0AB627DB4713004400E2 /* TransferInteractor.swift */; };
		BD5C0ABD27DB4713004400E2 /* TransferProtocol.swift in Sources */ = {isa = PBXBuildFile; fileRef = BD5C0AB727DB4713004400E2 /* TransferProtocol.swift */; };
		BD5C0ABE27DB4713004400E2 /* TransferVC.swift in Sources */ = {isa = PBXBuildFile; fileRef = BD5C0AB827DB4713004400E2 /* TransferVC.swift */; };
		BD5C0AC927DB4984004400E2 /* LoginPresenter.swift in Sources */ = {isa = PBXBuildFile; fileRef = BD5C0AC327DB4984004400E2 /* LoginPresenter.swift */; };
		BD5C0ACA27DB4984004400E2 /* LoginRouter.swift in Sources */ = {isa = PBXBuildFile; fileRef = BD5C0AC427DB4984004400E2 /* LoginRouter.swift */; };
		BD5C0ACB27DB4984004400E2 /* LoginModels.swift in Sources */ = {isa = PBXBuildFile; fileRef = BD5C0AC527DB4984004400E2 /* LoginModels.swift */; };
		BD5C0ACC27DB4984004400E2 /* LoginInteractor.swift in Sources */ = {isa = PBXBuildFile; fileRef = BD5C0AC627DB4984004400E2 /* LoginInteractor.swift */; };
		BD5C0ACD27DB4984004400E2 /* LoginProtocol.swift in Sources */ = {isa = PBXBuildFile; fileRef = BD5C0AC727DB4984004400E2 /* LoginProtocol.swift */; };
		BD5C0ACE27DB4984004400E2 /* LoginVC.swift in Sources */ = {isa = PBXBuildFile; fileRef = BD5C0AC827DB4984004400E2 /* LoginVC.swift */; };
		BD5C0AD527DB4990004400E2 /* RegisterPresenter.swift in Sources */ = {isa = PBXBuildFile; fileRef = BD5C0ACF27DB4990004400E2 /* RegisterPresenter.swift */; };
		BD5C0AD627DB4990004400E2 /* RegisterRouter.swift in Sources */ = {isa = PBXBuildFile; fileRef = BD5C0AD027DB4990004400E2 /* RegisterRouter.swift */; };
		BD5C0AD727DB4990004400E2 /* RegisterModels.swift in Sources */ = {isa = PBXBuildFile; fileRef = BD5C0AD127DB4990004400E2 /* RegisterModels.swift */; };
		BD5C0AD827DB4990004400E2 /* RegisterInteractor.swift in Sources */ = {isa = PBXBuildFile; fileRef = BD5C0AD227DB4990004400E2 /* RegisterInteractor.swift */; };
		BD5C0AD927DB4990004400E2 /* RegisterProtocol.swift in Sources */ = {isa = PBXBuildFile; fileRef = BD5C0AD327DB4990004400E2 /* RegisterProtocol.swift */; };
		BD5C0ADA27DB4990004400E2 /* RegisterVC.swift in Sources */ = {isa = PBXBuildFile; fileRef = BD5C0AD427DB4990004400E2 /* RegisterVC.swift */; };
		BD5C0ADD27DB5370004400E2 /* CustomTextfield.swift in Sources */ = {isa = PBXBuildFile; fileRef = BD5C0ADC27DB5370004400E2 /* CustomTextfield.swift */; };
		BD5C0AE027DB60D1004400E2 /* CustomButton.swift in Sources */ = {isa = PBXBuildFile; fileRef = BD5C0ADF27DB60D1004400E2 /* CustomButton.swift */; };
		BD5C0AE227DB6B33004400E2 /* Login.swift in Sources */ = {isa = PBXBuildFile; fileRef = BD5C0AE127DB6B33004400E2 /* Login.swift */; };
		BD5C0AE427DB6B5B004400E2 /* APIManager.swift in Sources */ = {isa = PBXBuildFile; fileRef = BD5C0AE327DB6B5B004400E2 /* APIManager.swift */; };
		BD5C0AEC27DB7194004400E2 /* ProfilePresenter.swift in Sources */ = {isa = PBXBuildFile; fileRef = BD5C0AE627DB7194004400E2 /* ProfilePresenter.swift */; };
		BD5C0AED27DB7194004400E2 /* ProfileRouter.swift in Sources */ = {isa = PBXBuildFile; fileRef = BD5C0AE727DB7194004400E2 /* ProfileRouter.swift */; };
		BD5C0AEE27DB7194004400E2 /* ProfileModels.swift in Sources */ = {isa = PBXBuildFile; fileRef = BD5C0AE827DB7194004400E2 /* ProfileModels.swift */; };
		BD5C0AEF27DB7194004400E2 /* ProfileInteractor.swift in Sources */ = {isa = PBXBuildFile; fileRef = BD5C0AE927DB7194004400E2 /* ProfileInteractor.swift */; };
		BD5C0AF027DB7194004400E2 /* ProfileProtocol.swift in Sources */ = {isa = PBXBuildFile; fileRef = BD5C0AEA27DB7194004400E2 /* ProfileProtocol.swift */; };
		BD5C0AF127DB7194004400E2 /* ProfileVC.swift in Sources */ = {isa = PBXBuildFile; fileRef = BD5C0AEB27DB7194004400E2 /* ProfileVC.swift */; };
		BD5C0AF927DBC95B004400E2 /* SelectReceiverPresenter.swift in Sources */ = {isa = PBXBuildFile; fileRef = BD5C0AF327DBC95B004400E2 /* SelectReceiverPresenter.swift */; };
		BD5C0AFA27DBC95B004400E2 /* SelectReceiverRouter.swift in Sources */ = {isa = PBXBuildFile; fileRef = BD5C0AF427DBC95B004400E2 /* SelectReceiverRouter.swift */; };
		BD5C0AFB27DBC95B004400E2 /* SelectReceiverModels.swift in Sources */ = {isa = PBXBuildFile; fileRef = BD5C0AF527DBC95B004400E2 /* SelectReceiverModels.swift */; };
		BD5C0AFC27DBC95B004400E2 /* SelectReceiverInteractor.swift in Sources */ = {isa = PBXBuildFile; fileRef = BD5C0AF627DBC95B004400E2 /* SelectReceiverInteractor.swift */; };
		BD5C0AFD27DBC95B004400E2 /* SelectReceiverProtocol.swift in Sources */ = {isa = PBXBuildFile; fileRef = BD5C0AF727DBC95B004400E2 /* SelectReceiverProtocol.swift */; };
		BD5C0AFE27DBC95B004400E2 /* SelectReceiverVC.swift in Sources */ = {isa = PBXBuildFile; fileRef = BD5C0AF827DBC95B004400E2 /* SelectReceiverVC.swift */; };
		BD5C0B0027DBCEB8004400E2 /* Receiver.swift in Sources */ = {isa = PBXBuildFile; fileRef = BD5C0AFF27DBCEB8004400E2 /* Receiver.swift */; };
		BD97466C27DF7D7F003FDA35 /* LoadingButton.swift in Sources */ = {isa = PBXBuildFile; fileRef = BD97466B27DF7D7F003FDA35 /* LoadingButton.swift */; };
/* End PBXBuildFile section */

/* Begin PBXFileReference section */
		06C40A993CAD9C91FD901D39 /* Pods_bank_transaction.framework */ = {isa = PBXFileReference; explicitFileType = wrapper.framework; includeInIndex = 0; path = Pods_bank_transaction.framework; sourceTree = BUILT_PRODUCTS_DIR; };
		08B84CB53269308CA7A2F24E /* Pods-bank-transaction.release.xcconfig */ = {isa = PBXFileReference; includeInIndex = 1; lastKnownFileType = text.xcconfig; name = "Pods-bank-transaction.release.xcconfig"; path = "Target Support Files/Pods-bank-transaction/Pods-bank-transaction.release.xcconfig"; sourceTree = "<group>"; };
		562EB273ED87C28C2B6F7F82 /* Pods-bank-transaction.debug.xcconfig */ = {isa = PBXFileReference; includeInIndex = 1; lastKnownFileType = text.xcconfig; name = "Pods-bank-transaction.debug.xcconfig"; path = "Target Support Files/Pods-bank-transaction/Pods-bank-transaction.debug.xcconfig"; sourceTree = "<group>"; };
		BD58D50327DD03C6007A547C /* Router.swift */ = {isa = PBXFileReference; lastKnownFileType = sourcecode.swift; path = Router.swift; sourceTree = "<group>"; };
		BD58D50527DD0420007A547C /* Service.swift */ = {isa = PBXFileReference; lastKnownFileType = sourcecode.swift; path = Service.swift; sourceTree = "<group>"; };
		BD58D50727DD0574007A547C /* Reachability.swift */ = {isa = PBXFileReference; lastKnownFileType = sourcecode.swift; path = Reachability.swift; sourceTree = "<group>"; };
		BD58D50927DD058A007A547C /* Alertable.swift */ = {isa = PBXFileReference; lastKnownFileType = sourcecode.swift; path = Alertable.swift; sourceTree = "<group>"; };
		BD58D50B27DD06C0007A547C /* Keychain.swift */ = {isa = PBXFileReference; lastKnownFileType = sourcecode.swift; path = Keychain.swift; sourceTree = "<group>"; };
		BD58D50D27DD0C36007A547C /* UserDefault.swift */ = {isa = PBXFileReference; lastKnownFileType = sourcecode.swift; path = UserDefault.swift; sourceTree = "<group>"; };
		BD58D50F27DD1056007A547C /* Balance.swift */ = {isa = PBXFileReference; lastKnownFileType = sourcecode.swift; path = Balance.swift; sourceTree = "<group>"; };
		BD58D51127DD2011007A547C /* Payees.swift */ = {isa = PBXFileReference; lastKnownFileType = sourcecode.swift; path = Payees.swift; sourceTree = "<group>"; };
		BD58D51327DD2890007A547C /* Transfer.swift */ = {isa = PBXFileReference; lastKnownFileType = sourcecode.swift; path = Transfer.swift; sourceTree = "<group>"; };
		BD58D51527DD414E007A547C /* Register.swift */ = {isa = PBXFileReference; lastKnownFileType = sourcecode.swift; path = Register.swift; sourceTree = "<group>"; };
		BD58D51827DD6FBF007A547C /* TransactionPresenter.swift */ = {isa = PBXFileReference; lastKnownFileType = sourcecode.swift; path = TransactionPresenter.swift; sourceTree = "<group>"; };
		BD58D51927DD6FBF007A547C /* TransactionRouter.swift */ = {isa = PBXFileReference; lastKnownFileType = sourcecode.swift; path = TransactionRouter.swift; sourceTree = "<group>"; };
		BD58D51A27DD6FBF007A547C /* TransactionModels.swift */ = {isa = PBXFileReference; lastKnownFileType = sourcecode.swift; path = TransactionModels.swift; sourceTree = "<group>"; };
		BD58D51B27DD6FBF007A547C /* TransactionInteractor.swift */ = {isa = PBXFileReference; lastKnownFileType = sourcecode.swift; path = TransactionInteractor.swift; sourceTree = "<group>"; };
		BD58D51C27DD6FBF007A547C /* TransactionProtocol.swift */ = {isa = PBXFileReference; lastKnownFileType = sourcecode.swift; path = TransactionProtocol.swift; sourceTree = "<group>"; };
		BD58D51D27DD6FBF007A547C /* TransactionVC.swift */ = {isa = PBXFileReference; lastKnownFileType = sourcecode.swift; path = TransactionVC.swift; sourceTree = "<group>"; };
		BD5C0A4F27DA3B61004400E2 /* bank-transaction.app */ = {isa = PBXFileReference; explicitFileType = wrapper.application; includeInIndex = 0; path = "bank-transaction.app"; sourceTree = BUILT_PRODUCTS_DIR; };
		BD5C0A5227DA3B61004400E2 /* AppDelegate.swift */ = {isa = PBXFileReference; lastKnownFileType = sourcecode.swift; path = AppDelegate.swift; sourceTree = "<group>"; };
		BD5C0A5427DA3B61004400E2 /* SceneDelegate.swift */ = {isa = PBXFileReference; lastKnownFileType = sourcecode.swift; path = SceneDelegate.swift; sourceTree = "<group>"; };
		BD5C0A5B27DA3B62004400E2 /* Assets.xcassets */ = {isa = PBXFileReference; lastKnownFileType = folder.assetcatalog; path = Assets.xcassets; sourceTree = "<group>"; };
		BD5C0A5E27DA3B63004400E2 /* Base */ = {isa = PBXFileReference; lastKnownFileType = file.storyboard; name = Base; path = Base.lproj/LaunchScreen.storyboard; sourceTree = "<group>"; };
		BD5C0A6027DA3B63004400E2 /* Info.plist */ = {isa = PBXFileReference; lastKnownFileType = text.plist.xml; path = Info.plist; sourceTree = "<group>"; };
		BD5C0A7927DA42F3004400E2 /* TabBarPresenter.swift */ = {isa = PBXFileReference; lastKnownFileType = sourcecode.swift; path = TabBarPresenter.swift; sourceTree = "<group>"; };
		BD5C0A7A27DA42F3004400E2 /* TabBarRouter.swift */ = {isa = PBXFileReference; lastKnownFileType = sourcecode.swift; path = TabBarRouter.swift; sourceTree = "<group>"; };
		BD5C0A7B27DA42F3004400E2 /* TabBarModels.swift */ = {isa = PBXFileReference; lastKnownFileType = sourcecode.swift; path = TabBarModels.swift; sourceTree = "<group>"; };
		BD5C0A7C27DA42F3004400E2 /* TabBarInteractor.swift */ = {isa = PBXFileReference; lastKnownFileType = sourcecode.swift; path = TabBarInteractor.swift; sourceTree = "<group>"; };
		BD5C0A7D27DA42F3004400E2 /* TabBarProtocol.swift */ = {isa = PBXFileReference; lastKnownFileType = sourcecode.swift; path = TabBarProtocol.swift; sourceTree = "<group>"; };
		BD5C0A7E27DA42F3004400E2 /* TabBarVC.swift */ = {isa = PBXFileReference; lastKnownFileType = sourcecode.swift; path = TabBarVC.swift; sourceTree = "<group>"; };
		BD5C0A8727DA45BF004400E2 /* Configures.swift */ = {isa = PBXFileReference; lastKnownFileType = sourcecode.swift; path = Configures.swift; sourceTree = "<group>"; };
		BD5C0A8927DA4610004400E2 /* Extension + UIView.swift */ = {isa = PBXFileReference; lastKnownFileType = sourcecode.swift; path = "Extension + UIView.swift"; sourceTree = "<group>"; };
		BD5C0A8C27DA462F004400E2 /* GradientView.swift */ = {isa = PBXFileReference; lastKnownFileType = sourcecode.swift; path = GradientView.swift; sourceTree = "<group>"; };
		BD5C0A8E27DA465E004400E2 /* Colors.swift */ = {isa = PBXFileReference; lastKnownFileType = sourcecode.swift; path = Colors.swift; sourceTree = "<group>"; };
		BD5C0A9027DA466E004400E2 /* Extension + UIColor.swift */ = {isa = PBXFileReference; lastKnownFileType = sourcecode.swift; path = "Extension + UIColor.swift"; sourceTree = "<group>"; };
		BD5C0A9327DA4BD5004400E2 /* ChipsCell.swift */ = {isa = PBXFileReference; lastKnownFileType = sourcecode.swift; path = ChipsCell.swift; sourceTree = "<group>"; };
		BD5C0A9627DA5078004400E2 /* DashboardPresenter.swift */ = {isa = PBXFileReference; lastKnownFileType = sourcecode.swift; path = DashboardPresenter.swift; sourceTree = "<group>"; };
		BD5C0A9727DA5078004400E2 /* DashboardRouter.swift */ = {isa = PBXFileReference; lastKnownFileType = sourcecode.swift; path = DashboardRouter.swift; sourceTree = "<group>"; };
		BD5C0A9827DA5078004400E2 /* DashboardModels.swift */ = {isa = PBXFileReference; lastKnownFileType = sourcecode.swift; path = DashboardModels.swift; sourceTree = "<group>"; };
		BD5C0A9927DA5078004400E2 /* DashboardInteractor.swift */ = {isa = PBXFileReference; lastKnownFileType = sourcecode.swift; path = DashboardInteractor.swift; sourceTree = "<group>"; };
		BD5C0A9A27DA5078004400E2 /* DashboardProtocol.swift */ = {isa = PBXFileReference; lastKnownFileType = sourcecode.swift; path = DashboardProtocol.swift; sourceTree = "<group>"; };
		BD5C0A9B27DA5078004400E2 /* DashboardVC.swift */ = {isa = PBXFileReference; lastKnownFileType = sourcecode.swift; path = DashboardVC.swift; sourceTree = "<group>"; };
		BD5C0AA227DAF59F004400E2 /* Extension + UIViewController.swift */ = {isa = PBXFileReference; lastKnownFileType = sourcecode.swift; path = "Extension + UIViewController.swift"; sourceTree = "<group>"; };
		BD5C0AA427DB37C8004400E2 /* Identifiers.swift */ = {isa = PBXFileReference; lastKnownFileType = sourcecode.swift; path = Identifiers.swift; sourceTree = "<group>"; };
		BD5C0AA627DB3E49004400E2 /* SubtitleAndIconCell.swift */ = {isa = PBXFileReference; lastKnownFileType = sourcecode.swift; path = SubtitleAndIconCell.swift; sourceTree = "<group>"; };
		BD5C0AAB27DB40F7004400E2 /* TransactionTableViewController.swift */ = {isa = PBXFileReference; lastKnownFileType = sourcecode.swift; path = TransactionTableViewController.swift; sourceTree = "<group>"; };
		BD5C0AB027DB42FD004400E2 /* Transaction.swift */ = {isa = PBXFileReference; lastKnownFileType = sourcecode.swift; path = Transaction.swift; sourceTree = "<group>"; };
		BD5C0AB327DB4713004400E2 /* TransferPresenter.swift */ = {isa = PBXFileReference; lastKnownFileType = sourcecode.swift; path = TransferPresenter.swift; sourceTree = "<group>"; };
		BD5C0AB427DB4713004400E2 /* TransferRouter.swift */ = {isa = PBXFileReference; lastKnownFileType = sourcecode.swift; path = TransferRouter.swift; sourceTree = "<group>"; };
		BD5C0AB527DB4713004400E2 /* TransferModels.swift */ = {isa = PBXFileReference; lastKnownFileType = sourcecode.swift; path = TransferModels.swift; sourceTree = "<group>"; };
		BD5C0AB627DB4713004400E2 /* TransferInteractor.swift */ = {isa = PBXFileReference; lastKnownFileType = sourcecode.swift; path = TransferInteractor.swift; sourceTree = "<group>"; };
		BD5C0AB727DB4713004400E2 /* TransferProtocol.swift */ = {isa = PBXFileReference; lastKnownFileType = sourcecode.swift; path = TransferProtocol.swift; sourceTree = "<group>"; };
		BD5C0AB827DB4713004400E2 /* TransferVC.swift */ = {isa = PBXFileReference; lastKnownFileType = sourcecode.swift; path = TransferVC.swift; sourceTree = "<group>"; };
		BD5C0AC327DB4984004400E2 /* LoginPresenter.swift */ = {isa = PBXFileReference; lastKnownFileType = sourcecode.swift; path = LoginPresenter.swift; sourceTree = "<group>"; };
		BD5C0AC427DB4984004400E2 /* LoginRouter.swift */ = {isa = PBXFileReference; lastKnownFileType = sourcecode.swift; path = LoginRouter.swift; sourceTree = "<group>"; };
		BD5C0AC527DB4984004400E2 /* LoginModels.swift */ = {isa = PBXFileReference; lastKnownFileType = sourcecode.swift; path = LoginModels.swift; sourceTree = "<group>"; };
		BD5C0AC627DB4984004400E2 /* LoginInteractor.swift */ = {isa = PBXFileReference; lastKnownFileType = sourcecode.swift; path = LoginInteractor.swift; sourceTree = "<group>"; };
		BD5C0AC727DB4984004400E2 /* LoginProtocol.swift */ = {isa = PBXFileReference; lastKnownFileType = sourcecode.swift; path = LoginProtocol.swift; sourceTree = "<group>"; };
		BD5C0AC827DB4984004400E2 /* LoginVC.swift */ = {isa = PBXFileReference; lastKnownFileType = sourcecode.swift; path = LoginVC.swift; sourceTree = "<group>"; };
		BD5C0ACF27DB4990004400E2 /* RegisterPresenter.swift */ = {isa = PBXFileReference; lastKnownFileType = sourcecode.swift; path = RegisterPresenter.swift; sourceTree = "<group>"; };
		BD5C0AD027DB4990004400E2 /* RegisterRouter.swift */ = {isa = PBXFileReference; lastKnownFileType = sourcecode.swift; path = RegisterRouter.swift; sourceTree = "<group>"; };
		BD5C0AD127DB4990004400E2 /* RegisterModels.swift */ = {isa = PBXFileReference; lastKnownFileType = sourcecode.swift; path = RegisterModels.swift; sourceTree = "<group>"; };
		BD5C0AD227DB4990004400E2 /* RegisterInteractor.swift */ = {isa = PBXFileReference; lastKnownFileType = sourcecode.swift; path = RegisterInteractor.swift; sourceTree = "<group>"; };
		BD5C0AD327DB4990004400E2 /* RegisterProtocol.swift */ = {isa = PBXFileReference; lastKnownFileType = sourcecode.swift; path = RegisterProtocol.swift; sourceTree = "<group>"; };
		BD5C0AD427DB4990004400E2 /* RegisterVC.swift */ = {isa = PBXFileReference; lastKnownFileType = sourcecode.swift; path = RegisterVC.swift; sourceTree = "<group>"; };
		BD5C0ADC27DB5370004400E2 /* CustomTextfield.swift */ = {isa = PBXFileReference; lastKnownFileType = sourcecode.swift; path = CustomTextfield.swift; sourceTree = "<group>"; };
		BD5C0ADF27DB60D1004400E2 /* CustomButton.swift */ = {isa = PBXFileReference; lastKnownFileType = sourcecode.swift; path = CustomButton.swift; sourceTree = "<group>"; };
		BD5C0AE127DB6B33004400E2 /* Login.swift */ = {isa = PBXFileReference; lastKnownFileType = sourcecode.swift; path = Login.swift; sourceTree = "<group>"; };
		BD5C0AE327DB6B5B004400E2 /* APIManager.swift */ = {isa = PBXFileReference; lastKnownFileType = sourcecode.swift; path = APIManager.swift; sourceTree = "<group>"; };
		BD5C0AE627DB7194004400E2 /* ProfilePresenter.swift */ = {isa = PBXFileReference; lastKnownFileType = sourcecode.swift; path = ProfilePresenter.swift; sourceTree = "<group>"; };
		BD5C0AE727DB7194004400E2 /* ProfileRouter.swift */ = {isa = PBXFileReference; lastKnownFileType = sourcecode.swift; path = ProfileRouter.swift; sourceTree = "<group>"; };
		BD5C0AE827DB7194004400E2 /* ProfileModels.swift */ = {isa = PBXFileReference; lastKnownFileType = sourcecode.swift; path = ProfileModels.swift; sourceTree = "<group>"; };
		BD5C0AE927DB7194004400E2 /* ProfileInteractor.swift */ = {isa = PBXFileReference; lastKnownFileType = sourcecode.swift; path = ProfileInteractor.swift; sourceTree = "<group>"; };
		BD5C0AEA27DB7194004400E2 /* ProfileProtocol.swift */ = {isa = PBXFileReference; lastKnownFileType = sourcecode.swift; path = ProfileProtocol.swift; sourceTree = "<group>"; };
		BD5C0AEB27DB7194004400E2 /* ProfileVC.swift */ = {isa = PBXFileReference; lastKnownFileType = sourcecode.swift; path = ProfileVC.swift; sourceTree = "<group>"; };
		BD5C0AF327DBC95B004400E2 /* SelectReceiverPresenter.swift */ = {isa = PBXFileReference; lastKnownFileType = sourcecode.swift; path = SelectReceiverPresenter.swift; sourceTree = "<group>"; };
		BD5C0AF427DBC95B004400E2 /* SelectReceiverRouter.swift */ = {isa = PBXFileReference; lastKnownFileType = sourcecode.swift; path = SelectReceiverRouter.swift; sourceTree = "<group>"; };
		BD5C0AF527DBC95B004400E2 /* SelectReceiverModels.swift */ = {isa = PBXFileReference; lastKnownFileType = sourcecode.swift; path = SelectReceiverModels.swift; sourceTree = "<group>"; };
		BD5C0AF627DBC95B004400E2 /* SelectReceiverInteractor.swift */ = {isa = PBXFileReference; lastKnownFileType = sourcecode.swift; path = SelectReceiverInteractor.swift; sourceTree = "<group>"; };
		BD5C0AF727DBC95B004400E2 /* SelectReceiverProtocol.swift */ = {isa = PBXFileReference; lastKnownFileType = sourcecode.swift; path = SelectReceiverProtocol.swift; sourceTree = "<group>"; };
		BD5C0AF827DBC95B004400E2 /* SelectReceiverVC.swift */ = {isa = PBXFileReference; lastKnownFileType = sourcecode.swift; path = SelectReceiverVC.swift; sourceTree = "<group>"; };
		BD5C0AFF27DBCEB8004400E2 /* Receiver.swift */ = {isa = PBXFileReference; lastKnownFileType = sourcecode.swift; path = Receiver.swift; sourceTree = "<group>"; };
		BD97466B27DF7D7F003FDA35 /* LoadingButton.swift */ = {isa = PBXFileReference; lastKnownFileType = sourcecode.swift; path = LoadingButton.swift; sourceTree = "<group>"; };
/* End PBXFileReference section */

/* Begin PBXFrameworksBuildPhase section */
		BD5C0A4C27DA3B61004400E2 /* Frameworks */ = {
			isa = PBXFrameworksBuildPhase;
			buildActionMask = 2147483647;
			files = (
				0E68642217A533F92BDF88D6 /* Pods_bank_transaction.framework in Frameworks */,
			);
			runOnlyForDeploymentPostprocessing = 0;
		};
/* End PBXFrameworksBuildPhase section */

/* Begin PBXGroup section */
		5498AEBA56E42EDECA6B15F6 /* Pods */ = {
			isa = PBXGroup;
			children = (
				562EB273ED87C28C2B6F7F82 /* Pods-bank-transaction.debug.xcconfig */,
				08B84CB53269308CA7A2F24E /* Pods-bank-transaction.release.xcconfig */,
			);
			path = Pods;
			sourceTree = "<group>";
		};
		BD58D51727DD6F9C007A547C /* Transaction */ = {
			isa = PBXGroup;
			children = (
				BD58D51827DD6FBF007A547C /* TransactionPresenter.swift */,
				BD58D51927DD6FBF007A547C /* TransactionRouter.swift */,
				BD58D51A27DD6FBF007A547C /* TransactionModels.swift */,
				BD58D51B27DD6FBF007A547C /* TransactionInteractor.swift */,
				BD58D51C27DD6FBF007A547C /* TransactionProtocol.swift */,
				BD58D51D27DD6FBF007A547C /* TransactionVC.swift */,
			);
			path = Transaction;
			sourceTree = "<group>";
		};
		BD5C0A4627DA3B61004400E2 = {
			isa = PBXGroup;
			children = (
				BD5C0A5127DA3B61004400E2 /* bank-transaction */,
				BD5C0A5027DA3B61004400E2 /* Products */,
				5498AEBA56E42EDECA6B15F6 /* Pods */,
				D23309F94C3C043227BC0E0E /* Frameworks */,
			);
			sourceTree = "<group>";
		};
		BD5C0A5027DA3B61004400E2 /* Products */ = {
			isa = PBXGroup;
			children = (
				BD5C0A4F27DA3B61004400E2 /* bank-transaction.app */,
			);
			name = Products;
			sourceTree = "<group>";
		};
		BD5C0A5127DA3B61004400E2 /* bank-transaction */ = {
			isa = PBXGroup;
			children = (
				BD5C0A6927DA3CEF004400E2 /* Extensions */,
				BD5C0A6A27DA3CF6004400E2 /* Utils */,
				BD5C0A6827DA3CEB004400E2 /* Core */,
				BD5C0A6627DA3CCC004400E2 /* Commons */,
				BD5C0A6727DA3CE4004400E2 /* Modules */,
				BD5C0A5B27DA3B62004400E2 /* Assets.xcassets */,
				BD5C0A5D27DA3B63004400E2 /* LaunchScreen.storyboard */,
				BD5C0A6027DA3B63004400E2 /* Info.plist */,
			);
			path = "bank-transaction";
			sourceTree = "<group>";
		};
		BD5C0A6627DA3CCC004400E2 /* Commons */ = {
			isa = PBXGroup;
			children = (
				BD5C0AAF27DB42E9004400E2 /* Models */,
				BD5C0A8B27DA4623004400E2 /* Views */,
				BD5C0A5227DA3B61004400E2 /* AppDelegate.swift */,
				BD5C0A5427DA3B61004400E2 /* SceneDelegate.swift */,
			);
			path = Commons;
			sourceTree = "<group>";
		};
		BD5C0A6727DA3CE4004400E2 /* Modules */ = {
			isa = PBXGroup;
			children = (
				BD58D51727DD6F9C007A547C /* Transaction */,
				BD5C0AE527DB7176004400E2 /* Profile */,
				BD5C0ABF27DB4961004400E2 /* Auth */,
				BD5C0AB227DB4703004400E2 /* Transfer */,
				BD5C0A9527DA506A004400E2 /* Dashboard */,
				BD5C0A7827DA42E1004400E2 /* TabBar */,
			);
			path = Modules;
			sourceTree = "<group>";
		};
		BD5C0A6827DA3CEB004400E2 /* Core */ = {
			isa = PBXGroup;
			children = (
				BD5C0AE327DB6B5B004400E2 /* APIManager.swift */,
				BD58D50327DD03C6007A547C /* Router.swift */,
				BD58D50527DD0420007A547C /* Service.swift */,
			);
			path = Core;
			sourceTree = "<group>";
		};
		BD5C0A6927DA3CEF004400E2 /* Extensions */ = {
			isa = PBXGroup;
			children = (
				BD5C0A8927DA4610004400E2 /* Extension + UIView.swift */,
				BD5C0A9027DA466E004400E2 /* Extension + UIColor.swift */,
				BD5C0AA227DAF59F004400E2 /* Extension + UIViewController.swift */,
			);
			path = Extensions;
			sourceTree = "<group>";
		};
		BD5C0A6A27DA3CF6004400E2 /* Utils */ = {
			isa = PBXGroup;
			children = (
				BD5C0A8727DA45BF004400E2 /* Configures.swift */,
				BD5C0A8E27DA465E004400E2 /* Colors.swift */,
				BD5C0AA427DB37C8004400E2 /* Identifiers.swift */,
				BD58D50727DD0574007A547C /* Reachability.swift */,
				BD58D50927DD058A007A547C /* Alertable.swift */,
				BD58D50B27DD06C0007A547C /* Keychain.swift */,
				BD58D50D27DD0C36007A547C /* UserDefault.swift */,
				BD97466B27DF7D7F003FDA35 /* LoadingButton.swift */,
			);
			path = Utils;
			sourceTree = "<group>";
		};
		BD5C0A7827DA42E1004400E2 /* TabBar */ = {
			isa = PBXGroup;
			children = (
				BD5C0A7927DA42F3004400E2 /* TabBarPresenter.swift */,
				BD5C0A7A27DA42F3004400E2 /* TabBarRouter.swift */,
				BD5C0A7B27DA42F3004400E2 /* TabBarModels.swift */,
				BD5C0A7C27DA42F3004400E2 /* TabBarInteractor.swift */,
				BD5C0A7D27DA42F3004400E2 /* TabBarProtocol.swift */,
				BD5C0A7E27DA42F3004400E2 /* TabBarVC.swift */,
			);
			path = TabBar;
			sourceTree = "<group>";
		};
		BD5C0A8B27DA4623004400E2 /* Views */ = {
			isa = PBXGroup;
			children = (
				BD5C0ADE27DB60BF004400E2 /* Button */,
				BD5C0ADB27DB5348004400E2 /* Textfield */,
				BD5C0AA827DB3FB3004400E2 /* Tables */,
				BD5C0A9227DA4BC3004400E2 /* Cells */,
				BD5C0A8C27DA462F004400E2 /* GradientView.swift */,
			);
			path = Views;
			sourceTree = "<group>";
		};
		BD5C0A9227DA4BC3004400E2 /* Cells */ = {
			isa = PBXGroup;
			children = (
				BD5C0A9327DA4BD5004400E2 /* ChipsCell.swift */,
				BD5C0AA627DB3E49004400E2 /* SubtitleAndIconCell.swift */,
			);
			path = Cells;
			sourceTree = "<group>";
		};
		BD5C0A9527DA506A004400E2 /* Dashboard */ = {
			isa = PBXGroup;
			children = (
				BD5C0A9627DA5078004400E2 /* DashboardPresenter.swift */,
				BD5C0A9727DA5078004400E2 /* DashboardRouter.swift */,
				BD5C0A9827DA5078004400E2 /* DashboardModels.swift */,
				BD5C0A9927DA5078004400E2 /* DashboardInteractor.swift */,
				BD5C0A9A27DA5078004400E2 /* DashboardProtocol.swift */,
				BD5C0A9B27DA5078004400E2 /* DashboardVC.swift */,
			);
			path = Dashboard;
			sourceTree = "<group>";
		};
		BD5C0AA827DB3FB3004400E2 /* Tables */ = {
			isa = PBXGroup;
			children = (
				BD5C0AAB27DB40F7004400E2 /* TransactionTableViewController.swift */,
			);
			path = Tables;
			sourceTree = "<group>";
		};
		BD5C0AAF27DB42E9004400E2 /* Models */ = {
			isa = PBXGroup;
			children = (
				BD5C0AB027DB42FD004400E2 /* Transaction.swift */,
				BD5C0AE127DB6B33004400E2 /* Login.swift */,
				BD5C0AFF27DBCEB8004400E2 /* Receiver.swift */,
				BD58D50F27DD1056007A547C /* Balance.swift */,
				BD58D51127DD2011007A547C /* Payees.swift */,
				BD58D51327DD2890007A547C /* Transfer.swift */,
				BD58D51527DD414E007A547C /* Register.swift */,
			);
			path = Models;
			sourceTree = "<group>";
		};
		BD5C0AB227DB4703004400E2 /* Transfer */ = {
			isa = PBXGroup;
			children = (
				BD5C0AF227DBC942004400E2 /* SelectReceiver */,
				BD5C0AB327DB4713004400E2 /* TransferPresenter.swift */,
				BD5C0AB427DB4713004400E2 /* TransferRouter.swift */,
				BD5C0AB527DB4713004400E2 /* TransferModels.swift */,
				BD5C0AB627DB4713004400E2 /* TransferInteractor.swift */,
				BD5C0AB727DB4713004400E2 /* TransferProtocol.swift */,
				BD5C0AB827DB4713004400E2 /* TransferVC.swift */,
			);
			path = Transfer;
			sourceTree = "<group>";
		};
		BD5C0ABF27DB4961004400E2 /* Auth */ = {
			isa = PBXGroup;
			children = (
				BD5C0AC227DB4975004400E2 /* Register */,
				BD5C0AC027DB4966004400E2 /* Login */,
			);
			path = Auth;
			sourceTree = "<group>";
		};
		BD5C0AC027DB4966004400E2 /* Login */ = {
			isa = PBXGroup;
			children = (
				BD5C0AC327DB4984004400E2 /* LoginPresenter.swift */,
				BD5C0AC427DB4984004400E2 /* LoginRouter.swift */,
				BD5C0AC527DB4984004400E2 /* LoginModels.swift */,
				BD5C0AC627DB4984004400E2 /* LoginInteractor.swift */,
				BD5C0AC727DB4984004400E2 /* LoginProtocol.swift */,
				BD5C0AC827DB4984004400E2 /* LoginVC.swift */,
			);
			path = Login;
			sourceTree = "<group>";
		};
		BD5C0AC227DB4975004400E2 /* Register */ = {
			isa = PBXGroup;
			children = (
				BD5C0ACF27DB4990004400E2 /* RegisterPresenter.swift */,
				BD5C0AD027DB4990004400E2 /* RegisterRouter.swift */,
				BD5C0AD127DB4990004400E2 /* RegisterModels.swift */,
				BD5C0AD227DB4990004400E2 /* RegisterInteractor.swift */,
				BD5C0AD327DB4990004400E2 /* RegisterProtocol.swift */,
				BD5C0AD427DB4990004400E2 /* RegisterVC.swift */,
			);
			path = Register;
			sourceTree = "<group>";
		};
		BD5C0ADB27DB5348004400E2 /* Textfield */ = {
			isa = PBXGroup;
			children = (
				BD5C0ADC27DB5370004400E2 /* CustomTextfield.swift */,
			);
			path = Textfield;
			sourceTree = "<group>";
		};
		BD5C0ADE27DB60BF004400E2 /* Button */ = {
			isa = PBXGroup;
			children = (
				BD5C0ADF27DB60D1004400E2 /* CustomButton.swift */,
			);
			path = Button;
			sourceTree = "<group>";
		};
		BD5C0AE527DB7176004400E2 /* Profile */ = {
			isa = PBXGroup;
			children = (
				BD5C0AE627DB7194004400E2 /* ProfilePresenter.swift */,
				BD5C0AE727DB7194004400E2 /* ProfileRouter.swift */,
				BD5C0AE827DB7194004400E2 /* ProfileModels.swift */,
				BD5C0AE927DB7194004400E2 /* ProfileInteractor.swift */,
				BD5C0AEA27DB7194004400E2 /* ProfileProtocol.swift */,
				BD5C0AEB27DB7194004400E2 /* ProfileVC.swift */,
			);
			path = Profile;
			sourceTree = "<group>";
		};
		BD5C0AF227DBC942004400E2 /* SelectReceiver */ = {
			isa = PBXGroup;
			children = (
				BD5C0AF327DBC95B004400E2 /* SelectReceiverPresenter.swift */,
				BD5C0AF427DBC95B004400E2 /* SelectReceiverRouter.swift */,
				BD5C0AF527DBC95B004400E2 /* SelectReceiverModels.swift */,
				BD5C0AF627DBC95B004400E2 /* SelectReceiverInteractor.swift */,
				BD5C0AF727DBC95B004400E2 /* SelectReceiverProtocol.swift */,
				BD5C0AF827DBC95B004400E2 /* SelectReceiverVC.swift */,
			);
			path = SelectReceiver;
			sourceTree = "<group>";
		};
		D23309F94C3C043227BC0E0E /* Frameworks */ = {
			isa = PBXGroup;
			children = (
				06C40A993CAD9C91FD901D39 /* Pods_bank_transaction.framework */,
			);
			name = Frameworks;
			sourceTree = "<group>";
		};
/* End PBXGroup section */

/* Begin PBXNativeTarget section */
		BD5C0A4E27DA3B61004400E2 /* bank-transaction */ = {
			isa = PBXNativeTarget;
			buildConfigurationList = BD5C0A6327DA3B63004400E2 /* Build configuration list for PBXNativeTarget "bank-transaction" */;
			buildPhases = (
				B6D7A46D22BF673B9BE0AA57 /* [CP] Check Pods Manifest.lock */,
				BD5C0A4B27DA3B61004400E2 /* Sources */,
				BD5C0A4C27DA3B61004400E2 /* Frameworks */,
				BD5C0A4D27DA3B61004400E2 /* Resources */,
				38CE4C2280146FD65067E548 /* [CP] Embed Pods Frameworks */,
			);
			buildRules = (
			);
			dependencies = (
			);
			name = "bank-transaction";
			productName = "bank-transaction";
			productReference = BD5C0A4F27DA3B61004400E2 /* bank-transaction.app */;
			productType = "com.apple.product-type.application";
		};
/* End PBXNativeTarget section */

/* Begin PBXProject section */
		BD5C0A4727DA3B61004400E2 /* Project object */ = {
			isa = PBXProject;
			attributes = {
				BuildIndependentTargetsInParallel = 1;
				LastSwiftUpdateCheck = 1320;
				LastUpgradeCheck = 1320;
				TargetAttributes = {
					BD5C0A4E27DA3B61004400E2 = {
						CreatedOnToolsVersion = 13.2;
					};
				};
			};
			buildConfigurationList = BD5C0A4A27DA3B61004400E2 /* Build configuration list for PBXProject "bank-transaction" */;
			compatibilityVersion = "Xcode 13.0";
			developmentRegion = en;
			hasScannedForEncodings = 0;
			knownRegions = (
				en,
				Base,
			);
			mainGroup = BD5C0A4627DA3B61004400E2;
			productRefGroup = BD5C0A5027DA3B61004400E2 /* Products */;
			projectDirPath = "";
			projectRoot = "";
			targets = (
				BD5C0A4E27DA3B61004400E2 /* bank-transaction */,
			);
		};
/* End PBXProject section */

/* Begin PBXResourcesBuildPhase section */
		BD5C0A4D27DA3B61004400E2 /* Resources */ = {
			isa = PBXResourcesBuildPhase;
			buildActionMask = 2147483647;
			files = (
				BD5C0A5F27DA3B63004400E2 /* LaunchScreen.storyboard in Resources */,
				BD5C0A5C27DA3B62004400E2 /* Assets.xcassets in Resources */,
			);
			runOnlyForDeploymentPostprocessing = 0;
		};
/* End PBXResourcesBuildPhase section */

/* Begin PBXShellScriptBuildPhase section */
		38CE4C2280146FD65067E548 /* [CP] Embed Pods Frameworks */ = {
			isa = PBXShellScriptBuildPhase;
			buildActionMask = 2147483647;
			files = (
			);
			inputFileListPaths = (
				"${PODS_ROOT}/Target Support Files/Pods-bank-transaction/Pods-bank-transaction-frameworks-${CONFIGURATION}-input-files.xcfilelist",
			);
			name = "[CP] Embed Pods Frameworks";
			outputFileListPaths = (
				"${PODS_ROOT}/Target Support Files/Pods-bank-transaction/Pods-bank-transaction-frameworks-${CONFIGURATION}-output-files.xcfilelist",
			);
			runOnlyForDeploymentPostprocessing = 0;
			shellPath = /bin/sh;
			shellScript = "\"${PODS_ROOT}/Target Support Files/Pods-bank-transaction/Pods-bank-transaction-frameworks.sh\"\n";
			showEnvVarsInLog = 0;
		};
		B6D7A46D22BF673B9BE0AA57 /* [CP] Check Pods Manifest.lock */ = {
			isa = PBXShellScriptBuildPhase;
			buildActionMask = 2147483647;
			files = (
			);
			inputFileListPaths = (
			);
			inputPaths = (
				"${PODS_PODFILE_DIR_PATH}/Podfile.lock",
				"${PODS_ROOT}/Manifest.lock",
			);
			name = "[CP] Check Pods Manifest.lock";
			outputFileListPaths = (
			);
			outputPaths = (
				"$(DERIVED_FILE_DIR)/Pods-bank-transaction-checkManifestLockResult.txt",
			);
			runOnlyForDeploymentPostprocessing = 0;
			shellPath = /bin/sh;
			shellScript = "diff \"${PODS_PODFILE_DIR_PATH}/Podfile.lock\" \"${PODS_ROOT}/Manifest.lock\" > /dev/null\nif [ $? != 0 ] ; then\n    # print error to STDERR\n    echo \"error: The sandbox is not in sync with the Podfile.lock. Run 'pod install' or update your CocoaPods installation.\" >&2\n    exit 1\nfi\n# This output is used by Xcode 'outputs' to avoid re-running this script phase.\necho \"SUCCESS\" > \"${SCRIPT_OUTPUT_FILE_0}\"\n";
			showEnvVarsInLog = 0;
		};
/* End PBXShellScriptBuildPhase section */

/* Begin PBXSourcesBuildPhase section */
		BD5C0A4B27DA3B61004400E2 /* Sources */ = {
			isa = PBXSourcesBuildPhase;
			buildActionMask = 2147483647;
			files = (
				BD5C0AC927DB4984004400E2 /* LoginPresenter.swift in Sources */,
				BD58D51F27DD6FBF007A547C /* TransactionRouter.swift in Sources */,
				BD5C0A8427DA42F3004400E2 /* TabBarVC.swift in Sources */,
				BD5C0ABC27DB4713004400E2 /* TransferInteractor.swift in Sources */,
				BD5C0AA127DA5078004400E2 /* DashboardVC.swift in Sources */,
				BD58D52327DD6FBF007A547C /* TransactionVC.swift in Sources */,
				BD58D51627DD414E007A547C /* Register.swift in Sources */,
				BD5C0ADD27DB5370004400E2 /* CustomTextfield.swift in Sources */,
				BD5C0AF127DB7194004400E2 /* ProfileVC.swift in Sources */,
				BD5C0A8F27DA465E004400E2 /* Colors.swift in Sources */,
				BD5C0AF927DBC95B004400E2 /* SelectReceiverPresenter.swift in Sources */,
				BD5C0AFE27DBC95B004400E2 /* SelectReceiverVC.swift in Sources */,
				BD5C0ABD27DB4713004400E2 /* TransferProtocol.swift in Sources */,
				BD5C0ABE27DB4713004400E2 /* TransferVC.swift in Sources */,
				BD5C0A5327DA3B61004400E2 /* AppDelegate.swift in Sources */,
				BD5C0ACA27DB4984004400E2 /* LoginRouter.swift in Sources */,
				BD58D50627DD0420007A547C /* Service.swift in Sources */,
				BD58D50E27DD0C36007A547C /* UserDefault.swift in Sources */,
				BD58D51027DD1056007A547C /* Balance.swift in Sources */,
				BD58D50827DD0574007A547C /* Reachability.swift in Sources */,
				BD5C0A8127DA42F3004400E2 /* TabBarModels.swift in Sources */,
				BD5C0A8A27DA4610004400E2 /* Extension + UIView.swift in Sources */,
				BD5C0AD627DB4990004400E2 /* RegisterRouter.swift in Sources */,
				BD5C0AEE27DB7194004400E2 /* ProfileModels.swift in Sources */,
				BD5C0AD927DB4990004400E2 /* RegisterProtocol.swift in Sources */,
				BD5C0AD527DB4990004400E2 /* RegisterPresenter.swift in Sources */,
				BD5C0ACB27DB4984004400E2 /* LoginModels.swift in Sources */,
				BD5C0AD827DB4990004400E2 /* RegisterInteractor.swift in Sources */,
				BD5C0AE227DB6B33004400E2 /* Login.swift in Sources */,
				BD5C0AEF27DB7194004400E2 /* ProfileInteractor.swift in Sources */,
				BD5C0A9F27DA5078004400E2 /* DashboardInteractor.swift in Sources */,
				BD5C0AFC27DBC95B004400E2 /* SelectReceiverInteractor.swift in Sources */,
				BD58D50427DD03C6007A547C /* Router.swift in Sources */,
				BD5C0AA027DA5078004400E2 /* DashboardProtocol.swift in Sources */,
				BD58D51427DD2890007A547C /* Transfer.swift in Sources */,
				BD5C0AED27DB7194004400E2 /* ProfileRouter.swift in Sources */,
				BD5C0AD727DB4990004400E2 /* RegisterModels.swift in Sources */,
				BD5C0A8D27DA462F004400E2 /* GradientView.swift in Sources */,
				BD5C0A8827DA45BF004400E2 /* Configures.swift in Sources */,
				BD5C0AA527DB37C8004400E2 /* Identifiers.swift in Sources */,
				BD5C0AA727DB3E49004400E2 /* SubtitleAndIconCell.swift in Sources */,
				BD5C0A5527DA3B61004400E2 /* SceneDelegate.swift in Sources */,
				BD5C0AEC27DB7194004400E2 /* ProfilePresenter.swift in Sources */,
				BD5C0A8027DA42F3004400E2 /* TabBarRouter.swift in Sources */,
				BD5C0AB127DB42FD004400E2 /* Transaction.swift in Sources */,
				BD5C0ACD27DB4984004400E2 /* LoginProtocol.swift in Sources */,
				BD5C0A9D27DA5078004400E2 /* DashboardRouter.swift in Sources */,
				BD5C0AE027DB60D1004400E2 /* CustomButton.swift in Sources */,
				BD5C0ACE27DB4984004400E2 /* LoginVC.swift in Sources */,
				BD5C0ABB27DB4713004400E2 /* TransferModels.swift in Sources */,
				BD97466C27DF7D7F003FDA35 /* LoadingButton.swift in Sources */,
				BD5C0AFD27DBC95B004400E2 /* SelectReceiverProtocol.swift in Sources */,
				BD5C0B0027DBCEB8004400E2 /* Receiver.swift in Sources */,
				BD5C0ACC27DB4984004400E2 /* LoginInteractor.swift in Sources */,
				BD5C0A8227DA42F3004400E2 /* TabBarInteractor.swift in Sources */,
				BD58D52127DD6FBF007A547C /* TransactionInteractor.swift in Sources */,
				BD5C0ABA27DB4713004400E2 /* TransferRouter.swift in Sources */,
				BD5C0AFA27DBC95B004400E2 /* SelectReceiverRouter.swift in Sources */,
				BD5C0A9E27DA5078004400E2 /* DashboardModels.swift in Sources */,
				BD5C0AA327DAF59F004400E2 /* Extension + UIViewController.swift in Sources */,
				BD5C0A9127DA466E004400E2 /* Extension + UIColor.swift in Sources */,
				BD5C0AFB27DBC95B004400E2 /* SelectReceiverModels.swift in Sources */,
				BD58D50C27DD06C0007A547C /* Keychain.swift in Sources */,
				BD58D50A27DD058A007A547C /* Alertable.swift in Sources */,
				BD58D51E27DD6FBF007A547C /* TransactionPresenter.swift in Sources */,
				BD5C0A9C27DA5078004400E2 /* DashboardPresenter.swift in Sources */,
				BD5C0A8327DA42F3004400E2 /* TabBarProtocol.swift in Sources */,
				BD5C0A9427DA4BD5004400E2 /* ChipsCell.swift in Sources */,
				BD5C0AE427DB6B5B004400E2 /* APIManager.swift in Sources */,
				BD58D51227DD2012007A547C /* Payees.swift in Sources */,
				BD5C0A7F27DA42F3004400E2 /* TabBarPresenter.swift in Sources */,
				BD58D52227DD6FBF007A547C /* TransactionProtocol.swift in Sources */,
				BD5C0ADA27DB4990004400E2 /* RegisterVC.swift in Sources */,
				BD5C0AAC27DB40F7004400E2 /* TransactionTableViewController.swift in Sources */,
				BD5C0AB927DB4713004400E2 /* TransferPresenter.swift in Sources */,
				BD5C0AF027DB7194004400E2 /* ProfileProtocol.swift in Sources */,
				BD58D52027DD6FBF007A547C /* TransactionModels.swift in Sources */,
			);
			runOnlyForDeploymentPostprocessing = 0;
		};
/* End PBXSourcesBuildPhase section */

/* Begin PBXVariantGroup section */
		BD5C0A5D27DA3B63004400E2 /* LaunchScreen.storyboard */ = {
			isa = PBXVariantGroup;
			children = (
				BD5C0A5E27DA3B63004400E2 /* Base */,
			);
			name = LaunchScreen.storyboard;
			sourceTree = "<group>";
		};
/* End PBXVariantGroup section */

/* Begin XCBuildConfiguration section */
		BD5C0A6127DA3B63004400E2 /* Debug */ = {
			isa = XCBuildConfiguration;
			buildSettings = {
				ALWAYS_SEARCH_USER_PATHS = NO;
				CLANG_ANALYZER_NONNULL = YES;
				CLANG_ANALYZER_NUMBER_OBJECT_CONVERSION = YES_AGGRESSIVE;
				CLANG_CXX_LANGUAGE_STANDARD = "gnu++17";
				CLANG_CXX_LIBRARY = "libc++";
				CLANG_ENABLE_MODULES = YES;
				CLANG_ENABLE_OBJC_ARC = YES;
				CLANG_ENABLE_OBJC_WEAK = YES;
				CLANG_WARN_BLOCK_CAPTURE_AUTORELEASING = YES;
				CLANG_WARN_BOOL_CONVERSION = YES;
				CLANG_WARN_COMMA = YES;
				CLANG_WARN_CONSTANT_CONVERSION = YES;
				CLANG_WARN_DEPRECATED_OBJC_IMPLEMENTATIONS = YES;
				CLANG_WARN_DIRECT_OBJC_ISA_USAGE = YES_ERROR;
				CLANG_WARN_DOCUMENTATION_COMMENTS = YES;
				CLANG_WARN_EMPTY_BODY = YES;
				CLANG_WARN_ENUM_CONVERSION = YES;
				CLANG_WARN_INFINITE_RECURSION = YES;
				CLANG_WARN_INT_CONVERSION = YES;
				CLANG_WARN_NON_LITERAL_NULL_CONVERSION = YES;
				CLANG_WARN_OBJC_IMPLICIT_RETAIN_SELF = YES;
				CLANG_WARN_OBJC_LITERAL_CONVERSION = YES;
				CLANG_WARN_OBJC_ROOT_CLASS = YES_ERROR;
				CLANG_WARN_QUOTED_INCLUDE_IN_FRAMEWORK_HEADER = YES;
				CLANG_WARN_RANGE_LOOP_ANALYSIS = YES;
				CLANG_WARN_STRICT_PROTOTYPES = YES;
				CLANG_WARN_SUSPICIOUS_MOVE = YES;
				CLANG_WARN_UNGUARDED_AVAILABILITY = YES_AGGRESSIVE;
				CLANG_WARN_UNREACHABLE_CODE = YES;
				CLANG_WARN__DUPLICATE_METHOD_MATCH = YES;
				COPY_PHASE_STRIP = NO;
				DEBUG_INFORMATION_FORMAT = dwarf;
				ENABLE_STRICT_OBJC_MSGSEND = YES;
				ENABLE_TESTABILITY = YES;
				GCC_C_LANGUAGE_STANDARD = gnu11;
				GCC_DYNAMIC_NO_PIC = NO;
				GCC_NO_COMMON_BLOCKS = YES;
				GCC_OPTIMIZATION_LEVEL = 0;
				GCC_PREPROCESSOR_DEFINITIONS = (
					"DEBUG=1",
					"$(inherited)",
				);
				GCC_WARN_64_TO_32_BIT_CONVERSION = YES;
				GCC_WARN_ABOUT_RETURN_TYPE = YES_ERROR;
				GCC_WARN_UNDECLARED_SELECTOR = YES;
				GCC_WARN_UNINITIALIZED_AUTOS = YES_AGGRESSIVE;
				GCC_WARN_UNUSED_FUNCTION = YES;
				GCC_WARN_UNUSED_VARIABLE = YES;
				IPHONEOS_DEPLOYMENT_TARGET = 15.2;
				MTL_ENABLE_DEBUG_INFO = INCLUDE_SOURCE;
				MTL_FAST_MATH = YES;
				ONLY_ACTIVE_ARCH = YES;
				SDKROOT = iphoneos;
				SWIFT_ACTIVE_COMPILATION_CONDITIONS = DEBUG;
				SWIFT_OPTIMIZATION_LEVEL = "-Onone";
			};
			name = Debug;
		};
		BD5C0A6227DA3B63004400E2 /* Release */ = {
			isa = XCBuildConfiguration;
			buildSettings = {
				ALWAYS_SEARCH_USER_PATHS = NO;
				CLANG_ANALYZER_NONNULL = YES;
				CLANG_ANALYZER_NUMBER_OBJECT_CONVERSION = YES_AGGRESSIVE;
				CLANG_CXX_LANGUAGE_STANDARD = "gnu++17";
				CLANG_CXX_LIBRARY = "libc++";
				CLANG_ENABLE_MODULES = YES;
				CLANG_ENABLE_OBJC_ARC = YES;
				CLANG_ENABLE_OBJC_WEAK = YES;
				CLANG_WARN_BLOCK_CAPTURE_AUTORELEASING = YES;
				CLANG_WARN_BOOL_CONVERSION = YES;
				CLANG_WARN_COMMA = YES;
				CLANG_WARN_CONSTANT_CONVERSION = YES;
				CLANG_WARN_DEPRECATED_OBJC_IMPLEMENTATIONS = YES;
				CLANG_WARN_DIRECT_OBJC_ISA_USAGE = YES_ERROR;
				CLANG_WARN_DOCUMENTATION_COMMENTS = YES;
				CLANG_WARN_EMPTY_BODY = YES;
				CLANG_WARN_ENUM_CONVERSION = YES;
				CLANG_WARN_INFINITE_RECURSION = YES;
				CLANG_WARN_INT_CONVERSION = YES;
				CLANG_WARN_NON_LITERAL_NULL_CONVERSION = YES;
				CLANG_WARN_OBJC_IMPLICIT_RETAIN_SELF = YES;
				CLANG_WARN_OBJC_LITERAL_CONVERSION = YES;
				CLANG_WARN_OBJC_ROOT_CLASS = YES_ERROR;
				CLANG_WARN_QUOTED_INCLUDE_IN_FRAMEWORK_HEADER = YES;
				CLANG_WARN_RANGE_LOOP_ANALYSIS = YES;
				CLANG_WARN_STRICT_PROTOTYPES = YES;
				CLANG_WARN_SUSPICIOUS_MOVE = YES;
				CLANG_WARN_UNGUARDED_AVAILABILITY = YES_AGGRESSIVE;
				CLANG_WARN_UNREACHABLE_CODE = YES;
				CLANG_WARN__DUPLICATE_METHOD_MATCH = YES;
				COPY_PHASE_STRIP = NO;
				DEBUG_INFORMATION_FORMAT = "dwarf-with-dsym";
				ENABLE_NS_ASSERTIONS = NO;
				ENABLE_STRICT_OBJC_MSGSEND = YES;
				GCC_C_LANGUAGE_STANDARD = gnu11;
				GCC_NO_COMMON_BLOCKS = YES;
				GCC_WARN_64_TO_32_BIT_CONVERSION = YES;
				GCC_WARN_ABOUT_RETURN_TYPE = YES_ERROR;
				GCC_WARN_UNDECLARED_SELECTOR = YES;
				GCC_WARN_UNINITIALIZED_AUTOS = YES_AGGRESSIVE;
				GCC_WARN_UNUSED_FUNCTION = YES;
				GCC_WARN_UNUSED_VARIABLE = YES;
				IPHONEOS_DEPLOYMENT_TARGET = 15.2;
				MTL_ENABLE_DEBUG_INFO = NO;
				MTL_FAST_MATH = YES;
				SDKROOT = iphoneos;
				SWIFT_COMPILATION_MODE = wholemodule;
				SWIFT_OPTIMIZATION_LEVEL = "-O";
				VALIDATE_PRODUCT = YES;
			};
			name = Release;
		};
		BD5C0A6427DA3B63004400E2 /* Debug */ = {
			isa = XCBuildConfiguration;
			baseConfigurationReference = 562EB273ED87C28C2B6F7F82 /* Pods-bank-transaction.debug.xcconfig */;
			buildSettings = {
				ASSETCATALOG_COMPILER_APPICON_NAME = AppIcon;
				ASSETCATALOG_COMPILER_GLOBAL_ACCENT_COLOR_NAME = AccentColor;
				CODE_SIGN_STYLE = Automatic;
				CURRENT_PROJECT_VERSION = 1;
				DEVELOPMENT_TEAM = RMQNS23DVX;
				GENERATE_INFOPLIST_FILE = YES;
				INFOPLIST_FILE = "bank-transaction/Info.plist";
				INFOPLIST_KEY_UIApplicationSupportsIndirectInputEvents = YES;
				INFOPLIST_KEY_UILaunchStoryboardName = LaunchScreen;
				INFOPLIST_KEY_UISupportedInterfaceOrientations_iPad = "UIInterfaceOrientationPortrait UIInterfaceOrientationPortraitUpsideDown UIInterfaceOrientationLandscapeLeft UIInterfaceOrientationLandscapeRight";
				INFOPLIST_KEY_UISupportedInterfaceOrientations_iPhone = "UIInterfaceOrientationPortrait UIInterfaceOrientationLandscapeLeft UIInterfaceOrientationLandscapeRight";
				LD_RUNPATH_SEARCH_PATHS = (
					"$(inherited)",
					"@executable_path/Frameworks",
				);
				MARKETING_VERSION = 1.0;
				PRODUCT_BUNDLE_IDENTIFIER = "com.mike.bank-transaction";
				PRODUCT_NAME = "$(TARGET_NAME)";
				SWIFT_EMIT_LOC_STRINGS = YES;
				SWIFT_VERSION = 5.0;
				TARGETED_DEVICE_FAMILY = "1,2";
			};
			name = Debug;
		};
		BD5C0A6527DA3B63004400E2 /* Release */ = {
			isa = XCBuildConfiguration;
			baseConfigurationReference = 08B84CB53269308CA7A2F24E /* Pods-bank-transaction.release.xcconfig */;
			buildSettings = {
				ASSETCATALOG_COMPILER_APPICON_NAME = AppIcon;
				ASSETCATALOG_COMPILER_GLOBAL_ACCENT_COLOR_NAME = AccentColor;
				CODE_SIGN_STYLE = Automatic;
				CURRENT_PROJECT_VERSION = 1;
				DEVELOPMENT_TEAM = RMQNS23DVX;
				GENERATE_INFOPLIST_FILE = YES;
				INFOPLIST_FILE = "bank-transaction/Info.plist";
				INFOPLIST_KEY_UIApplicationSupportsIndirectInputEvents = YES;
				INFOPLIST_KEY_UILaunchStoryboardName = LaunchScreen;
				INFOPLIST_KEY_UISupportedInterfaceOrientations_iPad = "UIInterfaceOrientationPortrait UIInterfaceOrientationPortraitUpsideDown UIInterfaceOrientationLandscapeLeft UIInterfaceOrientationLandscapeRight";
				INFOPLIST_KEY_UISupportedInterfaceOrientations_iPhone = "UIInterfaceOrientationPortrait UIInterfaceOrientationLandscapeLeft UIInterfaceOrientationLandscapeRight";
				LD_RUNPATH_SEARCH_PATHS = (
					"$(inherited)",
					"@executable_path/Frameworks",
				);
				MARKETING_VERSION = 1.0;
				PRODUCT_BUNDLE_IDENTIFIER = "com.mike.bank-transaction";
				PRODUCT_NAME = "$(TARGET_NAME)";
				SWIFT_EMIT_LOC_STRINGS = YES;
				SWIFT_VERSION = 5.0;
				TARGETED_DEVICE_FAMILY = "1,2";
			};
			name = Release;
		};
/* End XCBuildConfiguration section */

/* Begin XCConfigurationList section */
		BD5C0A4A27DA3B61004400E2 /* Build configuration list for PBXProject "bank-transaction" */ = {
			isa = XCConfigurationList;
			buildConfigurations = (
				BD5C0A6127DA3B63004400E2 /* Debug */,
				BD5C0A6227DA3B63004400E2 /* Release */,
			);
			defaultConfigurationIsVisible = 0;
			defaultConfigurationName = Release;
		};
		BD5C0A6327DA3B63004400E2 /* Build configuration list for PBXNativeTarget "bank-transaction" */ = {
			isa = XCConfigurationList;
			buildConfigurations = (
				BD5C0A6427DA3B63004400E2 /* Debug */,
				BD5C0A6527DA3B63004400E2 /* Release */,
			);
			defaultConfigurationIsVisible = 0;
			defaultConfigurationName = Release;
		};
/* End XCConfigurationList section */
	};
	rootObject = BD5C0A4727DA3B61004400E2 /* Project object */;
}
